
Microsoft Visual Studio Solution File, Format Version 12.00
# Visual Studio 15
VisualStudioVersion = 15.0.28010.2041
MinimumVisualStudioVersion = 10.0.40219.1
Project("{FAE04EC0-301F-11D3-BF4B-00C04F79EFBC}") = "OdeToFood", "OdeToFood\OdeToFood.csproj", "{530DAECA-4F8A-4A03-A071-E557D71C4B7E}"
EndProject
Project("{FAE04EC0-301F-11D3-BF4B-00C04F79EFBC}") = "OdeToFood.Tests", "OdeToFood.Tests\OdeToFood.Tests.csproj", "{DDA5B470-197A-4DA1-93BB-FAE5B97E5DA6}"
EndProject
Global
	GlobalSection(SolutionConfigurationPlatforms) = preSolution
		Debug|Any CPU = Debug|Any CPU
		Release|Any CPU = Release|Any CPU
	EndGlobalSection
	GlobalSection(ProjectConfigurationPlatforms) = postSolution
		{530DAECA-4F8A-4A03-A071-E557D71C4B7E}.Debug|Any CPU.ActiveCfg = Debug|Any CPU
		{530DAECA-4F8A-4A03-A071-E557D71C4B7E}.Debug|Any CPU.Build.0 = Debug|Any CPU
		{530DAECA-4F8A-4A03-A071-E557D71C4B7E}.Release|Any CPU.ActiveCfg = Release|Any CPU
		{530DAECA-4F8A-4A03-A071-E557D71C4B7E}.Release|Any CPU.Build.0 = Release|Any CPU
		{DDA5B470-197A-4DA1-93BB-FAE5B97E5DA6}.Debug|Any CPU.ActiveCfg = Debug|Any CPU
		{DDA5B470-197A-4DA1-93BB-FAE5B97E5DA6}.Debug|Any CPU.Build.0 = Debug|Any CPU
		{DDA5B470-197A-4DA1-93BB-FAE5B97E5DA6}.Release|Any CPU.ActiveCfg = Release|Any CPU
		{DDA5B470-197A-4DA1-93BB-FAE5B97E5DA6}.Release|Any CPU.Build.0 = Release|Any CPU
	EndGlobalSection
	GlobalSection(SolutionProperties) = preSolution
		HideSolutionNode = FALSE
	EndGlobalSection
	GlobalSection(ExtensibilityGlobals) = postSolution
		SolutionGuid = {081B50AD-43B4-4AED-BD16-7F5F96743ED4}
	EndGlobalSection
EndGlobal
